
Microsoft Visual Studio Solution File, Format Version 12.00
# Visual Studio Version 17
VisualStudioVersion = 17.0.31903.59
MinimumVisualStudioVersion = 10.0.40219.1
Project("{9A19103F-16F7-4668-BE54-9A1E7A4F7556}") = "PX.Generators", "src\PX.Generators\PX.Generators.csproj", "{3958F45A-FCDA-46AB-A3C2-79154B43BF9E}"
EndProject
Project("{9A19103F-16F7-4668-BE54-9A1E7A4F7556}") = "PX.Generators.Package", "package\PX.Generators.Package\PX.Generators.Package.csproj", "{C2D3178C-4AB9-4556-A71A-C1C77A7D45C2}"
EndProject
Project("{9A19103F-16F7-4668-BE54-9A1E7A4F7556}") = "PX.Generators.Tests", "tests\PX.Generators.Tests\PX.Generators.Tests.csproj", "{6819F361-5270-4686-B300-E478A23D3C31}"
EndProject
Project("{2150E333-8FDC-42A3-9474-1A3956D46DE8}") = "src", "src", "{F8335BEF-13B5-424B-9136-0B9384DD4195}"
EndProject
Project("{2150E333-8FDC-42A3-9474-1A3956D46DE8}") = "tests", "tests", "{08958A64-6522-4DB0-8851-D39D9D34E981}"
EndProject
Project("{2150E333-8FDC-42A3-9474-1A3956D46DE8}") = "package", "package", "{3B63B6FE-3159-4F9A-AA17-AB08582FF764}"
EndProject
Project("{2150E333-8FDC-42A3-9474-1A3956D46DE8}") = "items", "items", "{9A5EE878-2103-48C5-A321-B8C84ECD1CBE}"
	ProjectSection(SolutionItems) = preProject
		.editorconfig = .editorconfig
		PX.Generators.sln.DotSettings = PX.Generators.sln.DotSettings
	EndProjectSection
EndProject
Project("{9A19103F-16F7-4668-BE54-9A1E7A4F7556}") = "PX.Generators.Benchmarks", "tests\PX.Generators.Benchmarks\PX.Generators.Benchmarks.csproj", "{7BF23D61-F8D1-4FD4-B9CE-DC15287F46CA}"
EndProject
Global
	GlobalSection(SolutionConfigurationPlatforms) = preSolution
		Debug|Any CPU = Debug|Any CPU
		Release|Any CPU = Release|Any CPU
	EndGlobalSection
	GlobalSection(ProjectConfigurationPlatforms) = postSolution
		{3958F45A-FCDA-46AB-A3C2-79154B43BF9E}.Debug|Any CPU.ActiveCfg = Debug|Any CPU
		{3958F45A-FCDA-46AB-A3C2-79154B43BF9E}.Debug|Any CPU.Build.0 = Debug|Any CPU
		{3958F45A-FCDA-46AB-A3C2-79154B43BF9E}.Release|Any CPU.ActiveCfg = Release|Any CPU
		{3958F45A-FCDA-46AB-A3C2-79154B43BF9E}.Release|Any CPU.Build.0 = Release|Any CPU
		{C2D3178C-4AB9-4556-A71A-C1C77A7D45C2}.Debug|Any CPU.ActiveCfg = Debug|Any CPU
		{C2D3178C-4AB9-4556-A71A-C1C77A7D45C2}.Debug|Any CPU.Build.0 = Debug|Any CPU
		{C2D3178C-4AB9-4556-A71A-C1C77A7D45C2}.Release|Any CPU.ActiveCfg = Release|Any CPU
		{C2D3178C-4AB9-4556-A71A-C1C77A7D45C2}.Release|Any CPU.Build.0 = Release|Any CPU
		{6819F361-5270-4686-B300-E478A23D3C31}.Debug|Any CPU.ActiveCfg = Debug|Any CPU
		{6819F361-5270-4686-B300-E478A23D3C31}.Debug|Any CPU.Build.0 = Debug|Any CPU
		{6819F361-5270-4686-B300-E478A23D3C31}.Release|Any CPU.ActiveCfg = Release|Any CPU
		{6819F361-5270-4686-B300-E478A23D3C31}.Release|Any CPU.Build.0 = Release|Any CPU
		{7BF23D61-F8D1-4FD4-B9CE-DC15287F46CA}.Debug|Any CPU.ActiveCfg = Debug|Any CPU
		{7BF23D61-F8D1-4FD4-B9CE-DC15287F46CA}.Debug|Any CPU.Build.0 = Debug|Any CPU
		{7BF23D61-F8D1-4FD4-B9CE-DC15287F46CA}.Release|Any CPU.ActiveCfg = Release|Any CPU
		{7BF23D61-F8D1-4FD4-B9CE-DC15287F46CA}.Release|Any CPU.Build.0 = Release|Any CPU
	EndGlobalSection
	GlobalSection(SolutionProperties) = preSolution
		HideSolutionNode = FALSE
	EndGlobalSection
	GlobalSection(NestedProjects) = preSolution
		{3958F45A-FCDA-46AB-A3C2-79154B43BF9E} = {F8335BEF-13B5-424B-9136-0B9384DD4195}
		{C2D3178C-4AB9-4556-A71A-C1C77A7D45C2} = {3B63B6FE-3159-4F9A-AA17-AB08582FF764}
		{6819F361-5270-4686-B300-E478A23D3C31} = {08958A64-6522-4DB0-8851-D39D9D34E981}
		{7BF23D61-F8D1-4FD4-B9CE-DC15287F46CA} = {08958A64-6522-4DB0-8851-D39D9D34E981}
	EndGlobalSection
	GlobalSection(ExtensibilityGlobals) = postSolution
		SolutionGuid = {E92EE7D0-6398-4CB6-B91D-2AE539867F86}
	EndGlobalSection
EndGlobal
